
Microsoft Visual Studio Solution File, Format Version 12.00
# Visual Studio Version 16
VisualStudioVersion = 16.0.29215.179
MinimumVisualStudioVersion = 10.0.40219.1
Project("{FAE04EC0-301F-11D3-BF4B-00C04F79EFBC}") = "HomeWork10", "HomeWork10\HomeWork10.csproj", "{7EE3F615-6364-44B4-986B-8CDA720D7C9F}"
EndProject
Project("{FAE04EC0-301F-11D3-BF4B-00C04F79EFBC}") = "Management", "Management\Management.csproj", "{D177675A-9FC4-4089-8986-22C1E17EDC40}"
EndProject
Global
	GlobalSection(SolutionConfigurationPlatforms) = preSolution
		Debug|Any CPU = Debug|Any CPU
		Release|Any CPU = Release|Any CPU
	EndGlobalSection
	GlobalSection(ProjectConfigurationPlatforms) = postSolution
		{7EE3F615-6364-44B4-986B-8CDA720D7C9F}.Debug|Any CPU.ActiveCfg = Debug|Any CPU
		{7EE3F615-6364-44B4-986B-8CDA720D7C9F}.Debug|Any CPU.Build.0 = Debug|Any CPU
		{7EE3F615-6364-44B4-986B-8CDA720D7C9F}.Release|Any CPU.ActiveCfg = Release|Any CPU
		{7EE3F615-6364-44B4-986B-8CDA720D7C9F}.Release|Any CPU.Build.0 = Release|Any CPU
		{D177675A-9FC4-4089-8986-22C1E17EDC40}.Debug|Any CPU.ActiveCfg = Debug|Any CPU
		{D177675A-9FC4-4089-8986-22C1E17EDC40}.Debug|Any CPU.Build.0 = Debug|Any CPU
		{D177675A-9FC4-4089-8986-22C1E17EDC40}.Release|Any CPU.ActiveCfg = Release|Any CPU
		{D177675A-9FC4-4089-8986-22C1E17EDC40}.Release|Any CPU.Build.0 = Release|Any CPU
	EndGlobalSection
	GlobalSection(SolutionProperties) = preSolution
		HideSolutionNode = FALSE
	EndGlobalSection
	GlobalSection(ExtensibilityGlobals) = postSolution
		SolutionGuid = {6DC6F30B-09F7-4422-ABED-DA1613551ACF}
	EndGlobalSection
EndGlobal
