
Microsoft Visual Studio Solution File, Format Version 12.00
# Visual Studio Version 16
VisualStudioVersion = 16.0.29215.179
MinimumVisualStudioVersion = 10.0.40219.1
Project("{FAE04EC0-301F-11D3-BF4B-00C04F79EFBC}") = "HomeWork11 Part 2", "HomeWork11 Part 2\HomeWork11 Part 2.csproj", "{704CD350-C873-43B9-BEB9-15D01C848E1E}"
EndProject
Project("{FAE04EC0-301F-11D3-BF4B-00C04F79EFBC}") = "PlayersAndInteraction", "PlayersAndInteraction\PlayersAndInteraction.csproj", "{960583DE-B07D-42F5-A9AB-5D4368946AB9}"
EndProject
Project("{FAE04EC0-301F-11D3-BF4B-00C04F79EFBC}") = "RandomGenerator", "RandomGenerator\RandomGenerator.csproj", "{0C809F3A-D95C-42AC-9615-1CF19B32DAB7}"
EndProject
Global
	GlobalSection(SolutionConfigurationPlatforms) = preSolution
		Debug|Any CPU = Debug|Any CPU
		Release|Any CPU = Release|Any CPU
	EndGlobalSection
	GlobalSection(ProjectConfigurationPlatforms) = postSolution
		{704CD350-C873-43B9-BEB9-15D01C848E1E}.Debug|Any CPU.ActiveCfg = Debug|Any CPU
		{704CD350-C873-43B9-BEB9-15D01C848E1E}.Debug|Any CPU.Build.0 = Debug|Any CPU
		{704CD350-C873-43B9-BEB9-15D01C848E1E}.Release|Any CPU.ActiveCfg = Release|Any CPU
		{704CD350-C873-43B9-BEB9-15D01C848E1E}.Release|Any CPU.Build.0 = Release|Any CPU
		{960583DE-B07D-42F5-A9AB-5D4368946AB9}.Debug|Any CPU.ActiveCfg = Debug|Any CPU
		{960583DE-B07D-42F5-A9AB-5D4368946AB9}.Debug|Any CPU.Build.0 = Debug|Any CPU
		{960583DE-B07D-42F5-A9AB-5D4368946AB9}.Release|Any CPU.ActiveCfg = Release|Any CPU
		{960583DE-B07D-42F5-A9AB-5D4368946AB9}.Release|Any CPU.Build.0 = Release|Any CPU
		{0C809F3A-D95C-42AC-9615-1CF19B32DAB7}.Debug|Any CPU.ActiveCfg = Debug|Any CPU
		{0C809F3A-D95C-42AC-9615-1CF19B32DAB7}.Debug|Any CPU.Build.0 = Debug|Any CPU
		{0C809F3A-D95C-42AC-9615-1CF19B32DAB7}.Release|Any CPU.ActiveCfg = Release|Any CPU
		{0C809F3A-D95C-42AC-9615-1CF19B32DAB7}.Release|Any CPU.Build.0 = Release|Any CPU
	EndGlobalSection
	GlobalSection(SolutionProperties) = preSolution
		HideSolutionNode = FALSE
	EndGlobalSection
	GlobalSection(ExtensibilityGlobals) = postSolution
		SolutionGuid = {E6CC69AE-721D-4727-B247-EFA6EDADCF68}
	EndGlobalSection
EndGlobal
